
Microsoft Visual Studio Solution File, Format Version 12.00
# Visual Studio Version 16
VisualStudioVersion = 16.0.30503.244
MinimumVisualStudioVersion = 10.0.40219.1
Project("{9A19103F-16F7-4668-BE54-9A1E7A4F7556}") = "Kampİntro", "Kampİntro\Kampİntro.csproj", "{F5A8C5F8-A8E1-44E8-B243-3530801E2237}"
EndProject
Project("{9A19103F-16F7-4668-BE54-9A1E7A4F7556}") = "Donguler", "Donguler\Donguler.csproj", "{0EE33FDA-6B5E-4428-913B-D37457728827}"
EndProject
Project("{9A19103F-16F7-4668-BE54-9A1E7A4F7556}") = "Classİntro", "Classİntro\Classİntro.csproj", "{DB23B6DD-80EC-44E3-A415-2D833C5D655B}"
EndProject
Project("{9A19103F-16F7-4668-BE54-9A1E7A4F7556}") = "Metotlar", "Metotlar\Metotlar.csproj", "{F7726CBD-5BCB-4094-9C21-E5BD9574C4AA}"
EndProject
Project("{9A19103F-16F7-4668-BE54-9A1E7A4F7556}") = "Matematik", "Matematik\Matematik.csproj", "{034A3EEB-DE1D-4251-BDA0-B02BC441ACFB}"
EndProject
Project("{9A19103F-16F7-4668-BE54-9A1E7A4F7556}") = "DegerVeReferansTipler", "DegerVeReferansTipler\DegerVeReferansTipler.csproj", "{8B0E0B9E-E7AC-43D4-9828-144B96AACA01}"
EndProject
Project("{FAE04EC0-301F-11D3-BF4B-00C04F79EFBC}") = "OOP1", "OOP1\OOP1.csproj", "{CCF0A87F-5999-47FF-B2AC-07EFC02CDAC1}"
EndProject
Project("{FAE04EC0-301F-11D3-BF4B-00C04F79EFBC}") = "Koleksiyonlar", "Koleksiyonlar\Koleksiyonlar.csproj", "{2E38E024-5F64-464D-8A6E-649428660C74}"
EndProject
Project("{FAE04EC0-301F-11D3-BF4B-00C04F79EFBC}") = "GenericsIntro", "GenericsIntro\GenericsIntro.csproj", "{A5CA5225-63F3-42F4-BD6B-B2E2C2C58BAE}"
EndProject
Global
	GlobalSection(SolutionConfigurationPlatforms) = preSolution
		Debug|Any CPU = Debug|Any CPU
		Release|Any CPU = Release|Any CPU
	EndGlobalSection
	GlobalSection(ProjectConfigurationPlatforms) = postSolution
		{F5A8C5F8-A8E1-44E8-B243-3530801E2237}.Debug|Any CPU.ActiveCfg = Debug|Any CPU
		{F5A8C5F8-A8E1-44E8-B243-3530801E2237}.Debug|Any CPU.Build.0 = Debug|Any CPU
		{F5A8C5F8-A8E1-44E8-B243-3530801E2237}.Release|Any CPU.ActiveCfg = Release|Any CPU
		{F5A8C5F8-A8E1-44E8-B243-3530801E2237}.Release|Any CPU.Build.0 = Release|Any CPU
		{0EE33FDA-6B5E-4428-913B-D37457728827}.Debug|Any CPU.ActiveCfg = Debug|Any CPU
		{0EE33FDA-6B5E-4428-913B-D37457728827}.Debug|Any CPU.Build.0 = Debug|Any CPU
		{0EE33FDA-6B5E-4428-913B-D37457728827}.Release|Any CPU.ActiveCfg = Release|Any CPU
		{0EE33FDA-6B5E-4428-913B-D37457728827}.Release|Any CPU.Build.0 = Release|Any CPU
		{DB23B6DD-80EC-44E3-A415-2D833C5D655B}.Debug|Any CPU.ActiveCfg = Debug|Any CPU
		{DB23B6DD-80EC-44E3-A415-2D833C5D655B}.Debug|Any CPU.Build.0 = Debug|Any CPU
		{DB23B6DD-80EC-44E3-A415-2D833C5D655B}.Release|Any CPU.ActiveCfg = Release|Any CPU
		{DB23B6DD-80EC-44E3-A415-2D833C5D655B}.Release|Any CPU.Build.0 = Release|Any CPU
		{F7726CBD-5BCB-4094-9C21-E5BD9574C4AA}.Debug|Any CPU.ActiveCfg = Debug|Any CPU
		{F7726CBD-5BCB-4094-9C21-E5BD9574C4AA}.Debug|Any CPU.Build.0 = Debug|Any CPU
		{F7726CBD-5BCB-4094-9C21-E5BD9574C4AA}.Release|Any CPU.ActiveCfg = Release|Any CPU
		{F7726CBD-5BCB-4094-9C21-E5BD9574C4AA}.Release|Any CPU.Build.0 = Release|Any CPU
		{034A3EEB-DE1D-4251-BDA0-B02BC441ACFB}.Debug|Any CPU.ActiveCfg = Debug|Any CPU
		{034A3EEB-DE1D-4251-BDA0-B02BC441ACFB}.Debug|Any CPU.Build.0 = Debug|Any CPU
		{034A3EEB-DE1D-4251-BDA0-B02BC441ACFB}.Release|Any CPU.ActiveCfg = Release|Any CPU
		{034A3EEB-DE1D-4251-BDA0-B02BC441ACFB}.Release|Any CPU.Build.0 = Release|Any CPU
		{8B0E0B9E-E7AC-43D4-9828-144B96AACA01}.Debug|Any CPU.ActiveCfg = Debug|Any CPU
		{8B0E0B9E-E7AC-43D4-9828-144B96AACA01}.Debug|Any CPU.Build.0 = Debug|Any CPU
		{8B0E0B9E-E7AC-43D4-9828-144B96AACA01}.Release|Any CPU.ActiveCfg = Release|Any CPU
		{8B0E0B9E-E7AC-43D4-9828-144B96AACA01}.Release|Any CPU.Build.0 = Release|Any CPU
		{CCF0A87F-5999-47FF-B2AC-07EFC02CDAC1}.Debug|Any CPU.ActiveCfg = Debug|Any CPU
		{CCF0A87F-5999-47FF-B2AC-07EFC02CDAC1}.Debug|Any CPU.Build.0 = Debug|Any CPU
		{CCF0A87F-5999-47FF-B2AC-07EFC02CDAC1}.Release|Any CPU.ActiveCfg = Release|Any CPU
		{CCF0A87F-5999-47FF-B2AC-07EFC02CDAC1}.Release|Any CPU.Build.0 = Release|Any CPU
		{2E38E024-5F64-464D-8A6E-649428660C74}.Debug|Any CPU.ActiveCfg = Debug|Any CPU
		{2E38E024-5F64-464D-8A6E-649428660C74}.Debug|Any CPU.Build.0 = Debug|Any CPU
		{2E38E024-5F64-464D-8A6E-649428660C74}.Release|Any CPU.ActiveCfg = Release|Any CPU
		{2E38E024-5F64-464D-8A6E-649428660C74}.Release|Any CPU.Build.0 = Release|Any CPU
		{A5CA5225-63F3-42F4-BD6B-B2E2C2C58BAE}.Debug|Any CPU.ActiveCfg = Debug|Any CPU
		{A5CA5225-63F3-42F4-BD6B-B2E2C2C58BAE}.Debug|Any CPU.Build.0 = Debug|Any CPU
		{A5CA5225-63F3-42F4-BD6B-B2E2C2C58BAE}.Release|Any CPU.ActiveCfg = Release|Any CPU
		{A5CA5225-63F3-42F4-BD6B-B2E2C2C58BAE}.Release|Any CPU.Build.0 = Release|Any CPU
	EndGlobalSection
	GlobalSection(SolutionProperties) = preSolution
		HideSolutionNode = FALSE
	EndGlobalSection
	GlobalSection(ExtensibilityGlobals) = postSolution
		SolutionGuid = {9D0257AF-E6F1-4203-9E82-001515B6185A}
	EndGlobalSection
EndGlobal
